
Microsoft Visual Studio Solution File, Format Version 12.00
# Visual Studio Version 17
VisualStudioVersion = 17.14.36203.30 d17.14
MinimumVisualStudioVersion = 10.0.40219.1
Project("{FAE04EC0-301F-11D3-BF4B-00C04F79EFBC}") = "TravelAgency", "TravelAgency\TravelAgency.csproj", "{E5C923D2-FEEE-42A5-943C-72C098F953CC}"
EndProject
Global
	GlobalSection(SolutionConfigurationPlatforms) = preSolution
		Debug|Any CPU = Debug|Any CPU
		Release|Any CPU = Release|Any CPU
	EndGlobalSection
	GlobalSection(ProjectConfigurationPlatforms) = postSolution
		{E5C923D2-FEEE-42A5-943C-72C098F953CC}.Debug|Any CPU.ActiveCfg = Debug|Any CPU
		{E5C923D2-FEEE-42A5-943C-72C098F953CC}.Debug|Any CPU.Build.0 = Debug|Any CPU
		{E5C923D2-FEEE-42A5-943C-72C098F953CC}.Release|Any CPU.ActiveCfg = Release|Any CPU
		{E5C923D2-FEEE-42A5-943C-72C098F953CC}.Release|Any CPU.Build.0 = Release|Any CPU
	EndGlobalSection
	GlobalSection(SolutionProperties) = preSolution
		HideSolutionNode = FALSE
	EndGlobalSection
	GlobalSection(ExtensibilityGlobals) = postSolution
		SolutionGuid = {26729B6C-D7F4-40A5-BED3-F99580628470}
	EndGlobalSection
EndGlobal
